
Microsoft Visual Studio Solution File, Format Version 12.00
# Visual Studio 15
VisualStudioVersion = 15.0.27130.2010
MinimumVisualStudioVersion = 10.0.40219.1
Project("{FAE04EC0-301F-11D3-BF4B-00C04F79EFBC}") = "NovemberProjekt", "NovemberProjekt\NovemberProjekt.csproj", "{BC30D081-CCE6-4E02-AFC7-DC33EF451B37}"
EndProject
Global
	GlobalSection(SolutionConfigurationPlatforms) = preSolution
		Debug|Any CPU = Debug|Any CPU
		Release|Any CPU = Release|Any CPU
	EndGlobalSection
	GlobalSection(ProjectConfigurationPlatforms) = postSolution
		{BC30D081-CCE6-4E02-AFC7-DC33EF451B37}.Debug|Any CPU.ActiveCfg = Debug|Any CPU
		{BC30D081-CCE6-4E02-AFC7-DC33EF451B37}.Debug|Any CPU.Build.0 = Debug|Any CPU
		{BC30D081-CCE6-4E02-AFC7-DC33EF451B37}.Release|Any CPU.ActiveCfg = Release|Any CPU
		{BC30D081-CCE6-4E02-AFC7-DC33EF451B37}.Release|Any CPU.Build.0 = Release|Any CPU
	EndGlobalSection
	GlobalSection(SolutionProperties) = preSolution
		HideSolutionNode = FALSE
	EndGlobalSection
	GlobalSection(ExtensibilityGlobals) = postSolution
		SolutionGuid = {6D1B87C8-DEB1-4465-9C63-8658D5149AD2}
	EndGlobalSection
EndGlobal
